# This file is automatically @generated by Poetry 1.8.0 and should not be changed by hand.

[[package]]
name = "flask"
version = "3.0.2"
description = "A simple framework for building complex web applications."
category = "main"
optional = false
python-versions = ">=3.8"

[metadata]
lock-version = "2.0"
python-versions = "^3.11"
content-hash = "abc123placeholder"
